<?xml version="1.0" encoding="utf-8"?>
<Project ToolsVersion="4.0" xmlns="http://schemas.microsoft.com/developer/msbuild/2003">
  <ItemGroup>
    <Filter Include="Source Files">
      <UniqueIdentifier>{4FC737F1-C7A5-4376-A066-2A32D752A2FF}</UniqueIdentifier>
      <Extensions>cpp;c;cc;cxx;def;odl;idl;hpj;bat;asm;asmx</Extensions>
    </Filter>
    <Filter Include="Header Files">
      <UniqueIdentifier>{93995380-89BD-4b04-88EB-625FBE52EBFB}</UniqueIdentifier>
      <Extensions>h;hh;hpp;hxx;hm;inl;inc;ipp;xsd</Extensions>
    </Filter>
    <Filter Include="Resource Files">
      <UniqueIdentifier>{67DA6AB6-F800-4c08-8B7A-83BB121AAD01}</UniqueIdentifier>
      <Extensions>rc;ico;cur;bmp;dlg;rc2;rct;bin;rgs;gif;jpg;jpeg;jpe;resx;tiff;tif;png;wav;mfcribbon-ms</Extensions>
    </Filter>
    <Filter Include="Header Files\IO">
      <UniqueIdentifier>{9c89b970-4d26-47bf-bbba-56c0f045d93b}</UniqueIdentifier>
    </Filter>
    <Filter Include="MISC">
      <UniqueIdentifier>{287dfcb4-30e2-4527-8396-45333c52b80f}</UniqueIdentifier>
    </Filter>
  </ItemGroup>
  <ItemGroup>
    <ClCompile Include="main.cpp">
      <Filter>Source Files</Filter>
    </ClCompile>
    <ClCompile Include="lodepng\lodepng.cpp">
      <Filter>MISC</Filter>
    </ClCompile>
    <ClCompile Include="MyWindow.cpp">
      <Filter>Source Files</Filter>
    </ClCompile>
    <ClCompile Include="ShaderShape.cpp">
      <Filter>Source Files</Filter>
    </ClCompile>
    <ClCompile Include="Shape.cpp">
      <Filter>Source Files</Filter>
    </ClCompile>
    <ClCompile Include="CommandHandler.cpp">
      <Filter>Source Files</Filter>
    </ClCompile>
    <ClCompile Include="SkyBox.cpp">
      <Filter>Source Files</Filter>
    </ClCompile>
    <ClCompile Include="ParticleCreator.cpp">
      <Filter>Source Files</Filter>
    </ClCompile>
    <ClCompile Include="Particle.cpp">
      <Filter>Source Files</Filter>
    </ClCompile>
    <ClCompile Include="ParticleObject.cpp">
      <Filter>Source Files</Filter>
    </ClCompile>
    <ClCompile Include="GameHandler.cpp">
      <Filter>Source Files</Filter>
    </ClCompile>
    <ClCompile Include="ParticleShader.cpp">
      <Filter>Source Files</Filter>
    </ClCompile>
    <ClCompile Include="Floor.cpp">
      <Filter>Source Files</Filter>
    </ClCompile>
    <ClCompile Include="Physics.cpp">
      <Filter>Source Files</Filter>
    </ClCompile>
  </ItemGroup>
  <ItemGroup>
    <ClInclude Include="EnumStuff.h">
      <Filter>Header Files\IO</Filter>
    </ClInclude>
    <ClInclude Include="IOstuff.h">
      <Filter>Header Files\IO</Filter>
    </ClInclude>
    <ClInclude Include="LuaCallCpp.h">
      <Filter>Header Files\IO</Filter>
    </ClInclude>
    <ClInclude Include="lodepng\lodepng.h">
      <Filter>MISC</Filter>
    </ClInclude>
    <ClInclude Include="MiscCode\utils.h">
      <Filter>MISC</Filter>
    </ClInclude>
    <ClInclude Include="MiscCode\utils2.h">
      <Filter>MISC</Filter>
    </ClInclude>
    <ClInclude Include="MiscCode\OBJ_Loader.h">
      <Filter>MISC</Filter>
    </ClInclude>
    <ClInclude Include="ShaderShape.h">
      <Filter>Header Files</Filter>
    </ClInclude>
    <ClInclude Include="Shape.h">
      <Filter>Header Files</Filter>
    </ClInclude>
    <ClInclude Include="MyWindow.h">
      <Filter>Header Files</Filter>
    </ClInclude>
    <ClInclude Include="Camera.h">
      <Filter>Header Files</Filter>
    </ClInclude>
    <ClInclude Include="CommandHandler.h">
      <Filter>Header Files</Filter>
    </ClInclude>
    <ClInclude Include="MiscCode\utils3.h">
      <Filter>MISC</Filter>
    </ClInclude>
    <ClInclude Include="ParticleCreator.h">
      <Filter>Header Files</Filter>
    </ClInclude>
    <ClInclude Include="Particle.h">
      <Filter>Header Files</Filter>
    </ClInclude>
    <ClInclude Include="ParticleObject.h">
      <Filter>Header Files</Filter>
    </ClInclude>
    <ClInclude Include="GameHandler.h">
      <Filter>Header Files</Filter>
    </ClInclude>
    <ClInclude Include="ParticleShader.h">
      <Filter>Header Files</Filter>
    </ClInclude>
    <ClInclude Include="SkyBox.h">
      <Filter>Header Files</Filter>
    </ClInclude>
    <ClInclude Include="Floor.h">
      <Filter>Header Files</Filter>
    </ClInclude>
    <ClInclude Include="Physics.h">
      <Filter>Header Files</Filter>
    </ClInclude>
  </ItemGroup>
  <ItemGroup>
    <None Include="..\Debug\luascripts.lua">
      <Filter>Resource Files</Filter>
    </None>
    <None Include="triangle.vert">
      <Filter>Resource Files</Filter>
    </None>
    <None Include="triangle.frag">
      <Filter>Resource Files</Filter>
    </None>
    <None Include="mesh.frag">
      <Filter>Resource Files</Filter>
    </None>
    <None Include="mesh.vert">
      <Filter>Resource Files</Filter>
    </None>
    <None Include="skybox.vert">
      <Filter>Resource Files</Filter>
    </None>
    <None Include="skybox.frag">
      <Filter>Resource Files</Filter>
    </None>
    <None Include="particle.frag">
      <Filter>Resource Files</Filter>
    </None>
    <None Include="particle.vert">
      <Filter>Resource Files</Filter>
    </None>
    <None Include="particle2.frag">
      <Filter>Resource Files</Filter>
    </None>
    <None Include="particle2.vert">
      <Filter>Resource Files</Filter>
    </None>
    <None Include="particle3.vert">
      <Filter>Resource Files</Filter>
    </None>
    <None Include="particle3.frag">
      <Filter>Resource Files</Filter>
    </None>
    <None Include="floor.vert">
      <Filter>Resource Files</Filter>
    </None>
    <None Include="floor.frag">
      <Filter>Resource Files</Filter>
    </None>
  </ItemGroup>
</Project>